
Microsoft Visual Studio Solution File, Format Version 12.00
# Visual Studio Version 17
VisualStudioVersion = 17.5.002.0
MinimumVisualStudioVersion = 10.0.40219.1
Project("{9A19103F-16F7-4668-BE54-9A1E7A4F7556}") = "MeetUpCenter", "MeetUpCenter.csproj", "{7E895958-5783-4A05-B299-D32B265C6606}"
EndProject
Global
	GlobalSection(SolutionConfigurationPlatforms) = preSolution
		Debug|Any CPU = Debug|Any CPU
		Release|Any CPU = Release|Any CPU
	EndGlobalSection
	GlobalSection(ProjectConfigurationPlatforms) = postSolution
		{7E895958-5783-4A05-B299-D32B265C6606}.Debug|Any CPU.ActiveCfg = Debug|Any CPU
		{7E895958-5783-4A05-B299-D32B265C6606}.Debug|Any CPU.Build.0 = Debug|Any CPU
		{7E895958-5783-4A05-B299-D32B265C6606}.Release|Any CPU.ActiveCfg = Release|Any CPU
		{7E895958-5783-4A05-B299-D32B265C6606}.Release|Any CPU.Build.0 = Release|Any CPU
	EndGlobalSection
	GlobalSection(SolutionProperties) = preSolution
		HideSolutionNode = FALSE
	EndGlobalSection
	GlobalSection(ExtensibilityGlobals) = postSolution
		SolutionGuid = {C3A6EB1E-C15C-47AB-93E5-C1B82DC14236}
	EndGlobalSection
EndGlobal
